{
  "nodes": {
    "flake-compat": {
      "flake": false,
      "locked": {
        "lastModified": 1627913399,
        "narHash": "sha256-hY8g6H2KFL8ownSiFeMOjwPC8P0ueXpCVEbxgda3pko=",
        "owner": "edolstra",
        "repo": "flake-compat",
        "rev": "12c64ca55c1014cdc1b16ed5a804aa8576601ff2",
        "type": "github"
      },
      "original": {
        "owner": "edolstra",
        "repo": "flake-compat",
        "type": "github"
      }
    },
    "nixpkgs": {
      "locked": {
        "lastModified": 1629377901,
        "narHash": "sha256-16zeg2a51PRGwfZF+FsctRVIw/hXYwRqZf05i/29BCc=",
        "owner": "NixOS",
        "repo": "nixpkgs",
        "rev": "5d74941c45cdb8d4a180d19642049aaec14f325d",
        "type": "github"
      },
      "original": {
        "owner": "NixOS",
        "repo": "nixpkgs",
        "rev": "5d74941c45cdb8d4a180d19642049aaec14f325d",
        "type": "github"
      }
    },
    "nixpkgs-angstrom": {
      "flake": false,
      "locked": {
        "lastModified": 1532850441,
        "narHash": "sha256-i/Sf8of1sobG2/hOrHjw6hb39WSsROfqoQyFKSETKw0=",
        "owner": "NixOS",
        "repo": "nixpkgs",
        "rev": "51d90811235cb5557e76f5d9665cd3337bc82e53",
        "type": "github"
      },
      "original": {
        "owner": "NixOS",
        "repo": "nixpkgs",
        "rev": "51d90811235cb5557e76f5d9665cd3337bc82e53",
        "type": "github"
      }
    },
    "root": {
      "inputs": {
        "flake-compat": "flake-compat",
        "nixpkgs": "nixpkgs",
        "nixpkgs-angstrom": "nixpkgs-angstrom"
      }
    }
  },
  "root": "root",
  "version": 7
}
